// !$*UTF8*$!
{
	archiveVersion = 1;
	classes = {
	};
	objectVersion = 51;
	objects = {

/* Begin PBXBuildFile section */
		2152FB042600AC8F00CF470E /* iOSApp.swift in Sources */ = {isa = PBXBuildFile; fileRef = 2152FB032600AC8F00CF470E /* iOSApp.swift */; };
		3CE94BBD27340E9000D95368 /* ViewAllRatingsView.swift in Sources */ = {isa = PBXBuildFile; fileRef = 3CE94BBC27340E9000D95368 /* ViewAllRatingsView.swift */; };
		3CE94BBF27340EA000D95368 /* ViewAllRatingsViewModel.swift in Sources */ = {isa = PBXBuildFile; fileRef = 3CE94BBE27340EA000D95368 /* ViewAllRatingsViewModel.swift */; };
		414211C728A9289A006BBAB6 /* secrets.json in Resources */ = {isa = PBXBuildFile; fileRef = 414211C628A9289A006BBAB6 /* secrets.json */; };
		414211C928A92938006BBAB6 /* Secrets.swift in Sources */ = {isa = PBXBuildFile; fileRef = 414211C828A92938006BBAB6 /* Secrets.swift */; };
		4147256D280C9FE5001B705A /* CraftieAPI-Info.plist in Resources */ = {isa = PBXBuildFile; fileRef = 4147256C280C9FE5001B705A /* CraftieAPI-Info.plist */; };
		41672910285654FF005505F7 /* BaseUrlProvider.swift in Sources */ = {isa = PBXBuildFile; fileRef = 4167290F285654FF005505F7 /* BaseUrlProvider.swift */; };
		41BCD92F27CE94E0002D533F /* PagerLoadingView.swift in Sources */ = {isa = PBXBuildFile; fileRef = 41BCD92E27CE94E0002D533F /* PagerLoadingView.swift */; };
		41BCD93127E26641002D533F /* DiscoveryShimmerView.swift in Sources */ = {isa = PBXBuildFile; fileRef = 41BCD93027E26641002D533F /* DiscoveryShimmerView.swift */; };
		41BCD93327E26BBE002D533F /* ShimmeringView.swift in Sources */ = {isa = PBXBuildFile; fileRef = 41BCD93227E26BBE002D533F /* ShimmeringView.swift */; };
		41BCD93A27E4CED5002D533F /* NetworkReachability.swift in Sources */ = {isa = PBXBuildFile; fileRef = 41BCD93927E4CED5002D533F /* NetworkReachability.swift */; };
		41BCD94227F09F6E002D533F /* Colors.xcassets in Resources */ = {isa = PBXBuildFile; fileRef = 41BCD94127F09F6E002D533F /* Colors.xcassets */; };
		41BCD94427F0A04B002D533F /* Color.swift in Sources */ = {isa = PBXBuildFile; fileRef = 41BCD94327F0A04B002D533F /* Color.swift */; };
		41FEBCF1281EBE6800AE8971 /* AuthenticationViewModel.swift in Sources */ = {isa = PBXBuildFile; fileRef = 41FEBCF0281EBE6800AE8971 /* AuthenticationViewModel.swift */; };
		41FEBCF428317AA700AE8971 /* BeersFavouritesViewModel.swift in Sources */ = {isa = PBXBuildFile; fileRef = 41FEBCF328317AA700AE8971 /* BeersFavouritesViewModel.swift */; };
		41FEBCF628317B2300AE8971 /* FavouriteBeersUiData.swift in Sources */ = {isa = PBXBuildFile; fileRef = 41FEBCF528317B2300AE8971 /* FavouriteBeersUiData.swift */; };
		5710F64C26F247C200B5E0B7 /* RecentSearchesViewModel.swift in Sources */ = {isa = PBXBuildFile; fileRef = 5710F64B26F247C200B5E0B7 /* RecentSearchesViewModel.swift */; };
		57205B0C26A4523200C31603 /* BeersByProvinceView.swift in Sources */ = {isa = PBXBuildFile; fileRef = 57205B0B26A4523200C31603 /* BeersByProvinceView.swift */; };
		57205B0E26A4524300C31603 /* BeersByProvinceViewModel.swift in Sources */ = {isa = PBXBuildFile; fileRef = 57205B0D26A4524300C31603 /* BeersByProvinceViewModel.swift */; };
		57205B1026A457C800C31603 /* BeersGridView.swift in Sources */ = {isa = PBXBuildFile; fileRef = 57205B0F26A457C800C31603 /* BeersGridView.swift */; };
		57205B2426AC6DB700C31603 /* BeerDetail.swift in Sources */ = {isa = PBXBuildFile; fileRef = 57205B2326AC6DB700C31603 /* BeerDetail.swift */; };
		57205B2726AC6EC700C31603 /* BeerDetailView.swift in Sources */ = {isa = PBXBuildFile; fileRef = 57205B2626AC6EC700C31603 /* BeerDetailView.swift */; };
		57205B2926AC6ED600C31603 /* BeerDetailViewModel.swift in Sources */ = {isa = PBXBuildFile; fileRef = 57205B2826AC6ED600C31603 /* BeerDetailViewModel.swift */; };
		5793C660266D1E0800B41F22 /* DiscoveryView.swift in Sources */ = {isa = PBXBuildFile; fileRef = 5793C65F266D1E0800B41F22 /* DiscoveryView.swift */; };
		5793C662266D1E4600B41F22 /* HomeView.swift in Sources */ = {isa = PBXBuildFile; fileRef = 5793C661266D1E4600B41F22 /* HomeView.swift */; };
		5793C664266D1E6300B41F22 /* SearchView.swift in Sources */ = {isa = PBXBuildFile; fileRef = 5793C663266D1E6300B41F22 /* SearchView.swift */; };
		5793C66B266D4DBF00B41F22 /* DiscoveryViewModel.swift in Sources */ = {isa = PBXBuildFile; fileRef = 5793C66A266D4DBF00B41F22 /* DiscoveryViewModel.swift */; };
		5793C66F266D4F0100B41F22 /* DiscoveryUiData.swift in Sources */ = {isa = PBXBuildFile; fileRef = 5793C66E266D4F0100B41F22 /* DiscoveryUiData.swift */; };
		5793C671266D5A7000B41F22 /* ImageView.swift in Sources */ = {isa = PBXBuildFile; fileRef = 5793C670266D5A7000B41F22 /* ImageView.swift */; };
		579FE860267E7A970084C2BC /* GoogleService-Info.plist in Sources */ = {isa = PBXBuildFile; fileRef = 579FE853267E759E0084C2BC /* GoogleService-Info.plist */; };
		579FE88A2680E4E60084C2BC /* Fastfile in Resources */ = {isa = PBXBuildFile; fileRef = 579FE8892680E4E60084C2BC /* Fastfile */; };
		579FE896269224340084C2BC /* FeaturedBeerViewModel.swift in Sources */ = {isa = PBXBuildFile; fileRef = 579FE895269224340084C2BC /* FeaturedBeerViewModel.swift */; };
		579FE898269224430084C2BC /* FeaturedBeerView.swift in Sources */ = {isa = PBXBuildFile; fileRef = 579FE897269224430084C2BC /* FeaturedBeerView.swift */; };
		579FE89A269228540084C2BC /* ErrorView.swift in Sources */ = {isa = PBXBuildFile; fileRef = 579FE899269228540084C2BC /* ErrorView.swift */; };
		579FE89F269F42250084C2BC /* ViewAllBreweriesViewModel.swift in Sources */ = {isa = PBXBuildFile; fileRef = 579FE89E269F42240084C2BC /* ViewAllBreweriesViewModel.swift */; };
		579FE8A1269F423D0084C2BC /* ViewAllBreweriesView.swift in Sources */ = {isa = PBXBuildFile; fileRef = 579FE8A0269F423D0084C2BC /* ViewAllBreweriesView.swift */; };
		579FE8A426A052890084C2BC /* ViewAllTopRatedViewModel.swift in Sources */ = {isa = PBXBuildFile; fileRef = 579FE8A326A052880084C2BC /* ViewAllTopRatedViewModel.swift */; };
		579FE8A626A052A20084C2BC /* ViewAllTopRatedView.swift in Sources */ = {isa = PBXBuildFile; fileRef = 579FE8A526A052A20084C2BC /* ViewAllTopRatedView.swift */; };
		57C434B626B837FF0011ED86 /* SearchViewModel.swift in Sources */ = {isa = PBXBuildFile; fileRef = 57C434B526B837FF0011ED86 /* SearchViewModel.swift */; };
		57C434B826B83A390011ED86 /* SearchResults.swift in Sources */ = {isa = PBXBuildFile; fileRef = 57C434B726B83A390011ED86 /* SearchResults.swift */; };
		57C434BA26B87A620011ED86 /* RatingView.swift in Sources */ = {isa = PBXBuildFile; fileRef = 57C434B926B87A620011ED86 /* RatingView.swift */; };
		57C434BC26C5935C0011ED86 /* SearchResultDetailView.swift in Sources */ = {isa = PBXBuildFile; fileRef = 57C434BB26C5935C0011ED86 /* SearchResultDetailView.swift */; };
		57C434DF26E144730011ED86 /* HomeViewModel.swift in Sources */ = {isa = PBXBuildFile; fileRef = 57C434DE26E144730011ED86 /* HomeViewModel.swift */; };
		57C434ED26E3BABA0011ED86 /* LikeButton.swift in Sources */ = {isa = PBXBuildFile; fileRef = 57C434EC26E3BAB90011ED86 /* LikeButton.swift */; };
		57E9385E27186DCD00D91B2F /* SaveBeerRatingViewModel.swift in Sources */ = {isa = PBXBuildFile; fileRef = 57E9385D27186DCD00D91B2F /* SaveBeerRatingViewModel.swift */; };
		57E9388A2719D63A00D91B2F /* CTAButton.swift in Sources */ = {isa = PBXBuildFile; fileRef = 57E938892719D63A00D91B2F /* CTAButton.swift */; };
		57F36364266D009100010BDB /* Pods_iosApp.framework in Frameworks */ = {isa = PBXBuildFile; fileRef = 10EBD1B72E3444090E4359A9 /* Pods_iosApp.framework */; };
		57F36365266D009100010BDB /* Pods_iosApp.framework in Embed Frameworks */ = {isa = PBXBuildFile; fileRef = 10EBD1B72E3444090E4359A9 /* Pods_iosApp.framework */; settings = {ATTRIBUTES = (CodeSignOnCopy, RemoveHeadersOnCopy, ); }; };
		7555FF83242A565900829871 /* ContentView.swift in Sources */ = {isa = PBXBuildFile; fileRef = 7555FF82242A565900829871 /* ContentView.swift */; };
/* End PBXBuildFile section */

/* Begin PBXCopyFilesBuildPhase section */
		57F36366266D009100010BDB /* Embed Frameworks */ = {
			isa = PBXCopyFilesBuildPhase;
			buildActionMask = 2147483647;
			dstPath = "";
			dstSubfolderSpec = 10;
			files = (
				57F36365266D009100010BDB /* Pods_iosApp.framework in Embed Frameworks */,
			);
			name = "Embed Frameworks";
			runOnlyForDeploymentPostprocessing = 0;
		};
/* End PBXCopyFilesBuildPhase section */

/* Begin PBXFileReference section */
		0B4869C9C5B17B92ABA47279 /* Pods-iosApp.release.xcconfig */ = {isa = PBXFileReference; includeInIndex = 1; lastKnownFileType = text.xcconfig; name = "Pods-iosApp.release.xcconfig"; path = "Target Support Files/Pods-iosApp/Pods-iosApp.release.xcconfig"; sourceTree = "<group>"; };
		10EBD1B72E3444090E4359A9 /* Pods_iosApp.framework */ = {isa = PBXFileReference; explicitFileType = wrapper.framework; includeInIndex = 0; path = Pods_iosApp.framework; sourceTree = BUILT_PRODUCTS_DIR; };
		1FD869752A0B6683A292F92A /* Pods-iosApp.debug.xcconfig */ = {isa = PBXFileReference; includeInIndex = 1; lastKnownFileType = text.xcconfig; name = "Pods-iosApp.debug.xcconfig"; path = "Target Support Files/Pods-iosApp/Pods-iosApp.debug.xcconfig"; sourceTree = "<group>"; };
		2152FB032600AC8F00CF470E /* iOSApp.swift */ = {isa = PBXFileReference; lastKnownFileType = sourcecode.swift; path = iOSApp.swift; sourceTree = "<group>"; };
		3CE94BBC27340E9000D95368 /* ViewAllRatingsView.swift */ = {isa = PBXFileReference; lastKnownFileType = sourcecode.swift; path = ViewAllRatingsView.swift; sourceTree = "<group>"; };
		3CE94BBE27340EA000D95368 /* ViewAllRatingsViewModel.swift */ = {isa = PBXFileReference; lastKnownFileType = sourcecode.swift; path = ViewAllRatingsViewModel.swift; sourceTree = "<group>"; };
		414211C628A9289A006BBAB6 /* secrets.json */ = {isa = PBXFileReference; lastKnownFileType = text.json; path = secrets.json; sourceTree = "<group>"; };
		414211C828A92938006BBAB6 /* Secrets.swift */ = {isa = PBXFileReference; lastKnownFileType = sourcecode.swift; path = Secrets.swift; sourceTree = "<group>"; };
		4147256C280C9FE5001B705A /* CraftieAPI-Info.plist */ = {isa = PBXFileReference; lastKnownFileType = text.plist.xml; path = "CraftieAPI-Info.plist"; sourceTree = "<group>"; };
		4167290F285654FF005505F7 /* BaseUrlProvider.swift */ = {isa = PBXFileReference; lastKnownFileType = sourcecode.swift; name = BaseUrlProvider.swift; path = iosApp/utils/BaseUrlProvider.swift; sourceTree = SOURCE_ROOT; };
		41BCD92E27CE94E0002D533F /* PagerLoadingView.swift */ = {isa = PBXFileReference; lastKnownFileType = sourcecode.swift; path = PagerLoadingView.swift; sourceTree = "<group>"; };
		41BCD93027E26641002D533F /* DiscoveryShimmerView.swift */ = {isa = PBXFileReference; lastKnownFileType = sourcecode.swift; path = DiscoveryShimmerView.swift; sourceTree = "<group>"; };
		41BCD93227E26BBE002D533F /* ShimmeringView.swift */ = {isa = PBXFileReference; lastKnownFileType = sourcecode.swift; path = ShimmeringView.swift; sourceTree = "<group>"; };
		41BCD93927E4CED5002D533F /* NetworkReachability.swift */ = {isa = PBXFileReference; lastKnownFileType = sourcecode.swift; path = NetworkReachability.swift; sourceTree = "<group>"; };
		41BCD94127F09F6E002D533F /* Colors.xcassets */ = {isa = PBXFileReference; lastKnownFileType = folder.assetcatalog; path = Colors.xcassets; sourceTree = "<group>"; };
		41BCD94327F0A04B002D533F /* Color.swift */ = {isa = PBXFileReference; lastKnownFileType = sourcecode.swift; path = Color.swift; sourceTree = "<group>"; };
		41FEBCF0281EBE6800AE8971 /* AuthenticationViewModel.swift */ = {isa = PBXFileReference; lastKnownFileType = sourcecode.swift; path = AuthenticationViewModel.swift; sourceTree = "<group>"; };
		41FEBCF328317AA700AE8971 /* BeersFavouritesViewModel.swift */ = {isa = PBXFileReference; lastKnownFileType = sourcecode.swift; path = BeersFavouritesViewModel.swift; sourceTree = "<group>"; };
		41FEBCF528317B2300AE8971 /* FavouriteBeersUiData.swift */ = {isa = PBXFileReference; lastKnownFileType = sourcecode.swift; path = FavouriteBeersUiData.swift; sourceTree = "<group>"; };
		5710F64B26F247C200B5E0B7 /* RecentSearchesViewModel.swift */ = {isa = PBXFileReference; lastKnownFileType = sourcecode.swift; path = RecentSearchesViewModel.swift; sourceTree = "<group>"; };
		57205B0B26A4523200C31603 /* BeersByProvinceView.swift */ = {isa = PBXFileReference; lastKnownFileType = sourcecode.swift; path = BeersByProvinceView.swift; sourceTree = "<group>"; };
		57205B0D26A4524300C31603 /* BeersByProvinceViewModel.swift */ = {isa = PBXFileReference; lastKnownFileType = sourcecode.swift; path = BeersByProvinceViewModel.swift; sourceTree = "<group>"; };
		57205B0F26A457C800C31603 /* BeersGridView.swift */ = {isa = PBXFileReference; lastKnownFileType = sourcecode.swift; path = BeersGridView.swift; sourceTree = "<group>"; };
		57205B2326AC6DB700C31603 /* BeerDetail.swift */ = {isa = PBXFileReference; lastKnownFileType = sourcecode.swift; path = BeerDetail.swift; sourceTree = "<group>"; };
		57205B2626AC6EC700C31603 /* BeerDetailView.swift */ = {isa = PBXFileReference; lastKnownFileType = sourcecode.swift; path = BeerDetailView.swift; sourceTree = "<group>"; };
		57205B2826AC6ED600C31603 /* BeerDetailViewModel.swift */ = {isa = PBXFileReference; lastKnownFileType = sourcecode.swift; path = BeerDetailViewModel.swift; sourceTree = "<group>"; };
		5793C65F266D1E0800B41F22 /* DiscoveryView.swift */ = {isa = PBXFileReference; lastKnownFileType = sourcecode.swift; path = DiscoveryView.swift; sourceTree = "<group>"; };
		5793C661266D1E4600B41F22 /* HomeView.swift */ = {isa = PBXFileReference; lastKnownFileType = sourcecode.swift; path = HomeView.swift; sourceTree = "<group>"; };
		5793C663266D1E6300B41F22 /* SearchView.swift */ = {isa = PBXFileReference; lastKnownFileType = sourcecode.swift; path = SearchView.swift; sourceTree = "<group>"; };
		5793C66A266D4DBF00B41F22 /* DiscoveryViewModel.swift */ = {isa = PBXFileReference; lastKnownFileType = sourcecode.swift; path = DiscoveryViewModel.swift; sourceTree = "<group>"; };
		5793C66E266D4F0100B41F22 /* DiscoveryUiData.swift */ = {isa = PBXFileReference; lastKnownFileType = sourcecode.swift; path = DiscoveryUiData.swift; sourceTree = "<group>"; };
		5793C670266D5A7000B41F22 /* ImageView.swift */ = {isa = PBXFileReference; lastKnownFileType = sourcecode.swift; path = ImageView.swift; sourceTree = "<group>"; };
		579FE853267E759E0084C2BC /* GoogleService-Info.plist */ = {isa = PBXFileReference; lastKnownFileType = text.plist.xml; path = "GoogleService-Info.plist"; sourceTree = "<group>"; };
		579FE8892680E4E60084C2BC /* Fastfile */ = {isa = PBXFileReference; lastKnownFileType = text; path = Fastfile; sourceTree = "<group>"; };
		579FE895269224340084C2BC /* FeaturedBeerViewModel.swift */ = {isa = PBXFileReference; lastKnownFileType = sourcecode.swift; path = FeaturedBeerViewModel.swift; sourceTree = "<group>"; };
		579FE897269224430084C2BC /* FeaturedBeerView.swift */ = {isa = PBXFileReference; lastKnownFileType = sourcecode.swift; path = FeaturedBeerView.swift; sourceTree = "<group>"; };
		579FE899269228540084C2BC /* ErrorView.swift */ = {isa = PBXFileReference; lastKnownFileType = sourcecode.swift; path = ErrorView.swift; sourceTree = "<group>"; };
		579FE89E269F42240084C2BC /* ViewAllBreweriesViewModel.swift */ = {isa = PBXFileReference; lastKnownFileType = sourcecode.swift; path = ViewAllBreweriesViewModel.swift; sourceTree = "<group>"; };
		579FE8A0269F423D0084C2BC /* ViewAllBreweriesView.swift */ = {isa = PBXFileReference; lastKnownFileType = sourcecode.swift; path = ViewAllBreweriesView.swift; sourceTree = "<group>"; };
		579FE8A326A052880084C2BC /* ViewAllTopRatedViewModel.swift */ = {isa = PBXFileReference; lastKnownFileType = sourcecode.swift; path = ViewAllTopRatedViewModel.swift; sourceTree = "<group>"; };
		579FE8A526A052A20084C2BC /* ViewAllTopRatedView.swift */ = {isa = PBXFileReference; lastKnownFileType = sourcecode.swift; path = ViewAllTopRatedView.swift; sourceTree = "<group>"; };
		57C434B526B837FF0011ED86 /* SearchViewModel.swift */ = {isa = PBXFileReference; lastKnownFileType = sourcecode.swift; path = SearchViewModel.swift; sourceTree = "<group>"; };
		57C434B726B83A390011ED86 /* SearchResults.swift */ = {isa = PBXFileReference; lastKnownFileType = sourcecode.swift; path = SearchResults.swift; sourceTree = "<group>"; };
		57C434B926B87A620011ED86 /* RatingView.swift */ = {isa = PBXFileReference; lastKnownFileType = sourcecode.swift; path = RatingView.swift; sourceTree = "<group>"; };
		57C434BB26C5935C0011ED86 /* SearchResultDetailView.swift */ = {isa = PBXFileReference; lastKnownFileType = sourcecode.swift; path = SearchResultDetailView.swift; sourceTree = "<group>"; };
		57C434DE26E144730011ED86 /* HomeViewModel.swift */ = {isa = PBXFileReference; lastKnownFileType = sourcecode.swift; path = HomeViewModel.swift; sourceTree = "<group>"; };
		57C434EC26E3BAB90011ED86 /* LikeButton.swift */ = {isa = PBXFileReference; lastKnownFileType = sourcecode.swift; path = LikeButton.swift; sourceTree = "<group>"; };
		57E9385D27186DCD00D91B2F /* SaveBeerRatingViewModel.swift */ = {isa = PBXFileReference; lastKnownFileType = sourcecode.swift; path = SaveBeerRatingViewModel.swift; sourceTree = "<group>"; };
		57E938892719D63A00D91B2F /* CTAButton.swift */ = {isa = PBXFileReference; lastKnownFileType = sourcecode.swift; path = CTAButton.swift; sourceTree = "<group>"; };
		7555FF7B242A565900829871 /* iosApp.app */ = {isa = PBXFileReference; explicitFileType = wrapper.application; includeInIndex = 0; path = iosApp.app; sourceTree = BUILT_PRODUCTS_DIR; };
		7555FF82242A565900829871 /* ContentView.swift */ = {isa = PBXFileReference; lastKnownFileType = sourcecode.swift; path = ContentView.swift; sourceTree = "<group>"; };
		7555FF8C242A565B00829871 /* Info.plist */ = {isa = PBXFileReference; lastKnownFileType = text.plist.xml; path = Info.plist; sourceTree = "<group>"; };
/* End PBXFileReference section */

/* Begin PBXFrameworksBuildPhase section */
		049B2B6B0D7F68F0093FFDCC /* Frameworks */ = {
			isa = PBXFrameworksBuildPhase;
			buildActionMask = 2147483647;
			files = (
				57F36364266D009100010BDB /* Pods_iosApp.framework in Frameworks */,
			);
			runOnlyForDeploymentPostprocessing = 0;
		};
/* End PBXFrameworksBuildPhase section */

/* Begin PBXGroup section */
		3CE94BBB27340E7700D95368 /* viewAllRatings */ = {
			isa = PBXGroup;
			children = (
				3CE94BBC27340E9000D95368 /* ViewAllRatingsView.swift */,
				3CE94BBE27340EA000D95368 /* ViewAllRatingsViewModel.swift */,
			);
			path = viewAllRatings;
			sourceTree = "<group>";
		};
		3E60C3B344DDC9B7380DF2B9 /* Frameworks */ = {
			isa = PBXGroup;
			children = (
				10EBD1B72E3444090E4359A9 /* Pods_iosApp.framework */,
			);
			name = Frameworks;
			sourceTree = "<group>";
		};
		414211C528A9288E006BBAB6 /* Secrets */ = {
			isa = PBXGroup;
			children = (
				414211C628A9289A006BBAB6 /* secrets.json */,
				414211C828A92938006BBAB6 /* Secrets.swift */,
			);
			path = Secrets;
			sourceTree = "<group>";
		};
		416729112856550C005505F7 /* utils */ = {
			isa = PBXGroup;
			children = (
				4167290F285654FF005505F7 /* BaseUrlProvider.swift */,
			);
			path = utils;
			sourceTree = "<group>";
		};
		41BCD93827E4CEC8002D533F /* network */ = {
			isa = PBXGroup;
			children = (
				41BCD93927E4CED5002D533F /* NetworkReachability.swift */,
			);
			path = network;
			sourceTree = "<group>";
		};
		41FEBCEF281EBE5800AE8971 /* authentication */ = {
			isa = PBXGroup;
			children = (
				41FEBCF0281EBE6800AE8971 /* AuthenticationViewModel.swift */,
			);
			path = authentication;
			sourceTree = "<group>";
		};
		5710F64D26F247C600B5E0B7 /* recentSearches */ = {
			isa = PBXGroup;
			children = (
				5710F64B26F247C200B5E0B7 /* RecentSearchesViewModel.swift */,
			);
			path = recentSearches;
			sourceTree = "<group>";
		};
		57205B0A26A4521D00C31603 /* beersByProvince */ = {
			isa = PBXGroup;
			children = (
				57205B0B26A4523200C31603 /* BeersByProvinceView.swift */,
				57205B0D26A4524300C31603 /* BeersByProvinceViewModel.swift */,
			);
			path = beersByProvince;
			sourceTree = "<group>";
		};
		57205B2526AC6EB100C31603 /* beerDetail */ = {
			isa = PBXGroup;
			children = (
				57205B2626AC6EC700C31603 /* BeerDetailView.swift */,
				57205B2826AC6ED600C31603 /* BeerDetailViewModel.swift */,
			);
			path = beerDetail;
			sourceTree = "<group>";
		};
		5793C665266D4D7000B41F22 /* presentatioon */ = {
			isa = PBXGroup;
			children = (
				41BCD93827E4CEC8002D533F /* network */,
				3CE94BBB27340E7700D95368 /* viewAllRatings */,
				57E9385C27186DB800D91B2F /* ratings */,
				5710F64D26F247C600B5E0B7 /* recentSearches */,
				57205B2526AC6EB100C31603 /* beerDetail */,
				57205B0A26A4521D00C31603 /* beersByProvince */,
				579FE8A226A0526C0084C2BC /* viewAllTopRated */,
				579FE89D269F420C0084C2BC /* viewAllBreweries */,
				579FE894269224180084C2BC /* featuredBeer */,
				5793C669266D4DA100B41F22 /* search */,
				5793C668266D4D9D00B41F22 /* home */,
				5793C667266D4D9800B41F22 /* discovery */,
				5793C666266D4D8D00B41F22 /* components */,
				7555FF82242A565900829871 /* ContentView.swift */,
			);
			path = presentatioon;
			sourceTree = "<group>";
		};
		5793C666266D4D8D00B41F22 /* components */ = {
			isa = PBXGroup;
			children = (
				5793C670266D5A7000B41F22 /* ImageView.swift */,
				579FE899269228540084C2BC /* ErrorView.swift */,
				57205B0F26A457C800C31603 /* BeersGridView.swift */,
				57205B2326AC6DB700C31603 /* BeerDetail.swift */,
				57C434B926B87A620011ED86 /* RatingView.swift */,
				57C434EC26E3BAB90011ED86 /* LikeButton.swift */,
				57E938892719D63A00D91B2F /* CTAButton.swift */,
				41BCD92E27CE94E0002D533F /* PagerLoadingView.swift */,
				41BCD93227E26BBE002D533F /* ShimmeringView.swift */,
				41BCD94327F0A04B002D533F /* Color.swift */,
			);
			path = components;
			sourceTree = "<group>";
		};
		5793C667266D4D9800B41F22 /* discovery */ = {
			isa = PBXGroup;
			children = (
				5793C65F266D1E0800B41F22 /* DiscoveryView.swift */,
				5793C66A266D4DBF00B41F22 /* DiscoveryViewModel.swift */,
				5793C66E266D4F0100B41F22 /* DiscoveryUiData.swift */,
				41BCD93027E26641002D533F /* DiscoveryShimmerView.swift */,
			);
			path = discovery;
			sourceTree = "<group>";
		};
		5793C668266D4D9D00B41F22 /* home */ = {
			isa = PBXGroup;
			children = (
				5793C661266D1E4600B41F22 /* HomeView.swift */,
				57C434DE26E144730011ED86 /* HomeViewModel.swift */,
				41FEBCF328317AA700AE8971 /* BeersFavouritesViewModel.swift */,
				41FEBCF528317B2300AE8971 /* FavouriteBeersUiData.swift */,
			);
			path = home;
			sourceTree = "<group>";
		};
		5793C669266D4DA100B41F22 /* search */ = {
			isa = PBXGroup;
			children = (
				5793C663266D1E6300B41F22 /* SearchView.swift */,
				57C434B526B837FF0011ED86 /* SearchViewModel.swift */,
				57C434B726B83A390011ED86 /* SearchResults.swift */,
				57C434BB26C5935C0011ED86 /* SearchResultDetailView.swift */,
			);
			path = search;
			sourceTree = "<group>";
		};
		579FE8882680E4A30084C2BC /* fastlane */ = {
			isa = PBXGroup;
			children = (
				579FE8892680E4E60084C2BC /* Fastfile */,
			);
			path = fastlane;
			sourceTree = "<group>";
		};
		579FE894269224180084C2BC /* featuredBeer */ = {
			isa = PBXGroup;
			children = (
				579FE895269224340084C2BC /* FeaturedBeerViewModel.swift */,
				579FE897269224430084C2BC /* FeaturedBeerView.swift */,
			);
			path = featuredBeer;
			sourceTree = "<group>";
		};
		579FE89D269F420C0084C2BC /* viewAllBreweries */ = {
			isa = PBXGroup;
			children = (
				579FE89E269F42240084C2BC /* ViewAllBreweriesViewModel.swift */,
				579FE8A0269F423D0084C2BC /* ViewAllBreweriesView.swift */,
			);
			path = viewAllBreweries;
			sourceTree = "<group>";
		};
		579FE8A226A0526C0084C2BC /* viewAllTopRated */ = {
			isa = PBXGroup;
			children = (
				579FE8A326A052880084C2BC /* ViewAllTopRatedViewModel.swift */,
				579FE8A526A052A20084C2BC /* ViewAllTopRatedView.swift */,
			);
			path = viewAllTopRated;
			sourceTree = "<group>";
		};
		57E9385C27186DB800D91B2F /* ratings */ = {
			isa = PBXGroup;
			children = (
				57E9385D27186DCD00D91B2F /* SaveBeerRatingViewModel.swift */,
			);
			path = ratings;
			sourceTree = "<group>";
		};
		7555FF72242A565900829871 = {
			isa = PBXGroup;
			children = (
				41BCD94127F09F6E002D533F /* Colors.xcassets */,
				579FE8882680E4A30084C2BC /* fastlane */,
				7555FF7D242A565900829871 /* iosApp */,
				7555FF7C242A565900829871 /* Products */,
				A735B7664B402B00B099173F /* Pods */,
				3E60C3B344DDC9B7380DF2B9 /* Frameworks */,
			);
			sourceTree = "<group>";
		};
		7555FF7C242A565900829871 /* Products */ = {
			isa = PBXGroup;
			children = (
				7555FF7B242A565900829871 /* iosApp.app */,
			);
			name = Products;
			sourceTree = "<group>";
		};
		7555FF7D242A565900829871 /* iosApp */ = {
			isa = PBXGroup;
			children = (
				414211C528A9288E006BBAB6 /* Secrets */,
				416729112856550C005505F7 /* utils */,
				41FEBCEF281EBE5800AE8971 /* authentication */,
				5793C665266D4D7000B41F22 /* presentatioon */,
				7555FF8C242A565B00829871 /* Info.plist */,
				2152FB032600AC8F00CF470E /* iOSApp.swift */,
				579FE853267E759E0084C2BC /* GoogleService-Info.plist */,
				4147256C280C9FE5001B705A /* CraftieAPI-Info.plist */,
			);
			path = iosApp;
			sourceTree = "<group>";
		};
		A735B7664B402B00B099173F /* Pods */ = {
			isa = PBXGroup;
			children = (
				1FD869752A0B6683A292F92A /* Pods-iosApp.debug.xcconfig */,
				0B4869C9C5B17B92ABA47279 /* Pods-iosApp.release.xcconfig */,
			);
			path = Pods;
			sourceTree = "<group>";
		};
/* End PBXGroup section */

/* Begin PBXNativeTarget section */
		7555FF7A242A565900829871 /* iosApp */ = {
			isa = PBXNativeTarget;
			buildConfigurationList = 7555FFA5242A565B00829871 /* Build configuration list for PBXNativeTarget "iosApp" */;
			buildPhases = (
				6ED820CE007F0460A1574100 /* [CP] Check Pods Manifest.lock */,
				7555FF77242A565900829871 /* Sources */,
				7555FF79242A565900829871 /* Resources */,
				049B2B6B0D7F68F0093FFDCC /* Frameworks */,
				57F36366266D009100010BDB /* Embed Frameworks */,
				2327BEEFFBEC5D14B38B1D31 /* [CP] Embed Pods Frameworks */,
				41FEBCF2281F09F700AE8971 /* ShellScript */,
			);
			buildRules = (
			);
			dependencies = (
			);
			name = iosApp;
			productName = iosApp;
			productReference = 7555FF7B242A565900829871 /* iosApp.app */;
			productType = "com.apple.product-type.application";
		};
/* End PBXNativeTarget section */

/* Begin PBXProject section */
		7555FF73242A565900829871 /* Project object */ = {
			isa = PBXProject;
			attributes = {
				LastSwiftUpdateCheck = 1130;
				LastUpgradeCheck = 1320;
				ORGANIZATIONNAME = orgName;
				TargetAttributes = {
					7555FF7A242A565900829871 = {
						CreatedOnToolsVersion = 11.3.1;
					};
				};
			};
			buildConfigurationList = 7555FF76242A565900829871 /* Build configuration list for PBXProject "iosApp" */;
			compatibilityVersion = "Xcode 9.3";
			developmentRegion = en;
			hasScannedForEncodings = 0;
			knownRegions = (
				en,
				Base,
			);
			mainGroup = 7555FF72242A565900829871;
			productRefGroup = 7555FF7C242A565900829871 /* Products */;
			projectDirPath = "";
			projectRoot = "";
			targets = (
				7555FF7A242A565900829871 /* iosApp */,
			);
		};
/* End PBXProject section */

/* Begin PBXResourcesBuildPhase section */
		7555FF79242A565900829871 /* Resources */ = {
			isa = PBXResourcesBuildPhase;
			buildActionMask = 2147483647;
			files = (
				579FE88A2680E4E60084C2BC /* Fastfile in Resources */,
				414211C728A9289A006BBAB6 /* secrets.json in Resources */,
				4147256D280C9FE5001B705A /* CraftieAPI-Info.plist in Resources */,
				41BCD94227F09F6E002D533F /* Colors.xcassets in Resources */,
			);
			runOnlyForDeploymentPostprocessing = 0;
		};
/* End PBXResourcesBuildPhase section */

/* Begin PBXShellScriptBuildPhase section */
		2327BEEFFBEC5D14B38B1D31 /* [CP] Embed Pods Frameworks */ = {
			isa = PBXShellScriptBuildPhase;
			buildActionMask = 2147483647;
			files = (
			);
			inputFileListPaths = (
				"${PODS_ROOT}/Target Support Files/Pods-iosApp/Pods-iosApp-frameworks-${CONFIGURATION}-input-files.xcfilelist",
			);
			name = "[CP] Embed Pods Frameworks";
			outputFileListPaths = (
				"${PODS_ROOT}/Target Support Files/Pods-iosApp/Pods-iosApp-frameworks-${CONFIGURATION}-output-files.xcfilelist",
			);
			runOnlyForDeploymentPostprocessing = 0;
			shellPath = /bin/sh;
			shellScript = "\"${PODS_ROOT}/Target Support Files/Pods-iosApp/Pods-iosApp-frameworks.sh\"\n";
			showEnvVarsInLog = 0;
		};
		41FEBCF2281F09F700AE8971 /* ShellScript */ = {
			isa = PBXShellScriptBuildPhase;
			buildActionMask = 2147483647;
			files = (
			);
			inputFileListPaths = (
			);
			inputPaths = (
			);
			outputFileListPaths = (
			);
			outputPaths = (
			);
			runOnlyForDeploymentPostprocessing = 0;
			shellPath = /bin/sh;
			shellScript = "# Type a script or drag a script file from your workspace to insert its path.\nCONFIG_FILE_BASE_NAME=\"CraftieAPI-Info\"\n\nCONFIG_FILE_NAME=${CONFIG_FILE_BASE_NAME}.plist\nSAMPLE_CONFIG_FILE_NAME=${CONFIG_FILE_BASE_NAME}-Sample.plist\n\nCONFIG_FILE_PATH=$SRCROOT/$PRODUCT_NAME/$CONFIG_FILE_NAME\nSAMPLE_CONFIG_FILE_PATH=$SRCROOT/$PRODUCT_NAME/$SAMPLE_CONFIG_FILE_NAME\n\nif [ -f \"$CONFIG_FILE_PATH\" ]; then\n  echo \"$CONFIG_FILE_PATH exists.\"\nelse\n  echo \"$CONFIG_FILE_PATH does not exist, copying sample\"\n  cp -v \"${SAMPLE_CONFIG_FILE_PATH}\" \"${CONFIG_FILE_PATH}\"\nfi\n";
		};
		6ED820CE007F0460A1574100 /* [CP] Check Pods Manifest.lock */ = {
			isa = PBXShellScriptBuildPhase;
			buildActionMask = 2147483647;
			files = (
			);
			inputFileListPaths = (
			);
			inputPaths = (
				"${PODS_PODFILE_DIR_PATH}/Podfile.lock",
				"${PODS_ROOT}/Manifest.lock",
			);
			name = "[CP] Check Pods Manifest.lock";
			outputFileListPaths = (
			);
			outputPaths = (
				"$(DERIVED_FILE_DIR)/Pods-iosApp-checkManifestLockResult.txt",
			);
			runOnlyForDeploymentPostprocessing = 0;
			shellPath = /bin/sh;
			shellScript = "diff \"${PODS_PODFILE_DIR_PATH}/Podfile.lock\" \"${PODS_ROOT}/Manifest.lock\" > /dev/null\nif [ $? != 0 ] ; then\n    # print error to STDERR\n    echo \"error: The sandbox is not in sync with the Podfile.lock. Run 'pod install' or update your CocoaPods installation.\" >&2\n    exit 1\nfi\n# This output is used by Xcode 'outputs' to avoid re-running this script phase.\necho \"SUCCESS\" > \"${SCRIPT_OUTPUT_FILE_0}\"\n";
			showEnvVarsInLog = 0;
		};
/* End PBXShellScriptBuildPhase section */

/* Begin PBXSourcesBuildPhase section */
		7555FF77242A565900829871 /* Sources */ = {
			isa = PBXSourcesBuildPhase;
			buildActionMask = 2147483647;
			files = (
				41BCD93A27E4CED5002D533F /* NetworkReachability.swift in Sources */,
				579FE8A1269F423D0084C2BC /* ViewAllBreweriesView.swift in Sources */,
				579FE860267E7A970084C2BC /* GoogleService-Info.plist in Sources */,
				41FEBCF628317B2300AE8971 /* FavouriteBeersUiData.swift in Sources */,
				5793C66F266D4F0100B41F22 /* DiscoveryUiData.swift in Sources */,
				5793C664266D1E6300B41F22 /* SearchView.swift in Sources */,
				57205B2426AC6DB700C31603 /* BeerDetail.swift in Sources */,
				57205B2726AC6EC700C31603 /* BeerDetailView.swift in Sources */,
				579FE898269224430084C2BC /* FeaturedBeerView.swift in Sources */,
				5793C66B266D4DBF00B41F22 /* DiscoveryViewModel.swift in Sources */,
				57E9388A2719D63A00D91B2F /* CTAButton.swift in Sources */,
				57E9385E27186DCD00D91B2F /* SaveBeerRatingViewModel.swift in Sources */,
				57C434BA26B87A620011ED86 /* RatingView.swift in Sources */,
				579FE8A626A052A20084C2BC /* ViewAllTopRatedView.swift in Sources */,
				57C434DF26E144730011ED86 /* HomeViewModel.swift in Sources */,
				57205B2926AC6ED600C31603 /* BeerDetailViewModel.swift in Sources */,
				57205B0C26A4523200C31603 /* BeersByProvinceView.swift in Sources */,
				579FE8A426A052890084C2BC /* ViewAllTopRatedViewModel.swift in Sources */,
				579FE89F269F42250084C2BC /* ViewAllBreweriesViewModel.swift in Sources */,
				41BCD92F27CE94E0002D533F /* PagerLoadingView.swift in Sources */,
				414211C928A92938006BBAB6 /* Secrets.swift in Sources */,
				2152FB042600AC8F00CF470E /* iOSApp.swift in Sources */,
				57C434B626B837FF0011ED86 /* SearchViewModel.swift in Sources */,
				5793C662266D1E4600B41F22 /* HomeView.swift in Sources */,
				579FE89A269228540084C2BC /* ErrorView.swift in Sources */,
				57205B0E26A4524300C31603 /* BeersByProvinceViewModel.swift in Sources */,
				57C434ED26E3BABA0011ED86 /* LikeButton.swift in Sources */,
				5793C671266D5A7000B41F22 /* ImageView.swift in Sources */,
				41BCD93327E26BBE002D533F /* ShimmeringView.swift in Sources */,
				41672910285654FF005505F7 /* BaseUrlProvider.swift in Sources */,
				7555FF83242A565900829871 /* ContentView.swift in Sources */,
				41FEBCF428317AA700AE8971 /* BeersFavouritesViewModel.swift in Sources */,
				41BCD93127E26641002D533F /* DiscoveryShimmerView.swift in Sources */,
				579FE896269224340084C2BC /* FeaturedBeerViewModel.swift in Sources */,
				3CE94BBD27340E9000D95368 /* ViewAllRatingsView.swift in Sources */,
				41BCD94427F0A04B002D533F /* Color.swift in Sources */,
				57C434BC26C5935C0011ED86 /* SearchResultDetailView.swift in Sources */,
				3CE94BBF27340EA000D95368 /* ViewAllRatingsViewModel.swift in Sources */,
				5793C660266D1E0800B41F22 /* DiscoveryView.swift in Sources */,
				41FEBCF1281EBE6800AE8971 /* AuthenticationViewModel.swift in Sources */,
				5710F64C26F247C200B5E0B7 /* RecentSearchesViewModel.swift in Sources */,
				57C434B826B83A390011ED86 /* SearchResults.swift in Sources */,
				57205B1026A457C800C31603 /* BeersGridView.swift in Sources */,
			);
			runOnlyForDeploymentPostprocessing = 0;
		};
/* End PBXSourcesBuildPhase section */

/* Begin XCBuildConfiguration section */
		7555FFA3242A565B00829871 /* Debug */ = {
			isa = XCBuildConfiguration;
			buildSettings = {
				ALWAYS_SEARCH_USER_PATHS = NO;
				CLANG_ANALYZER_NONNULL = YES;
				CLANG_ANALYZER_NUMBER_OBJECT_CONVERSION = YES_AGGRESSIVE;
				CLANG_CXX_LANGUAGE_STANDARD = "gnu++14";
				CLANG_CXX_LIBRARY = "libc++";
				CLANG_ENABLE_MODULES = YES;
				CLANG_ENABLE_OBJC_ARC = YES;
				CLANG_ENABLE_OBJC_WEAK = YES;
				CLANG_WARN_BLOCK_CAPTURE_AUTORELEASING = YES;
				CLANG_WARN_BOOL_CONVERSION = YES;
				CLANG_WARN_COMMA = YES;
				CLANG_WARN_CONSTANT_CONVERSION = YES;
				CLANG_WARN_DEPRECATED_OBJC_IMPLEMENTATIONS = YES;
				CLANG_WARN_DIRECT_OBJC_ISA_USAGE = YES_ERROR;
				CLANG_WARN_DOCUMENTATION_COMMENTS = YES;
				CLANG_WARN_EMPTY_BODY = YES;
				CLANG_WARN_ENUM_CONVERSION = YES;
				CLANG_WARN_INFINITE_RECURSION = YES;
				CLANG_WARN_INT_CONVERSION = YES;
				CLANG_WARN_NON_LITERAL_NULL_CONVERSION = YES;
				CLANG_WARN_OBJC_IMPLICIT_RETAIN_SELF = YES;
				CLANG_WARN_OBJC_LITERAL_CONVERSION = YES;
				CLANG_WARN_OBJC_ROOT_CLASS = YES_ERROR;
				CLANG_WARN_QUOTED_INCLUDE_IN_FRAMEWORK_HEADER = YES;
				CLANG_WARN_RANGE_LOOP_ANALYSIS = YES;
				CLANG_WARN_STRICT_PROTOTYPES = YES;
				CLANG_WARN_SUSPICIOUS_MOVE = YES;
				CLANG_WARN_UNGUARDED_AVAILABILITY = YES_AGGRESSIVE;
				CLANG_WARN_UNREACHABLE_CODE = YES;
				CLANG_WARN__DUPLICATE_METHOD_MATCH = YES;
				COPY_PHASE_STRIP = NO;
				DEBUG_INFORMATION_FORMAT = "dwarf-with-dsym";
				ENABLE_STRICT_OBJC_MSGSEND = YES;
				ENABLE_TESTABILITY = YES;
				GCC_C_LANGUAGE_STANDARD = gnu11;
				GCC_DYNAMIC_NO_PIC = NO;
				GCC_NO_COMMON_BLOCKS = YES;
				GCC_OPTIMIZATION_LEVEL = 0;
				GCC_PREPROCESSOR_DEFINITIONS = (
					"DEBUG=1",
					"$(inherited)",
				);
				GCC_WARN_64_TO_32_BIT_CONVERSION = YES;
				GCC_WARN_ABOUT_RETURN_TYPE = YES_ERROR;
				GCC_WARN_UNDECLARED_SELECTOR = YES;
				GCC_WARN_UNINITIALIZED_AUTOS = YES_AGGRESSIVE;
				GCC_WARN_UNUSED_FUNCTION = YES;
				GCC_WARN_UNUSED_VARIABLE = YES;
				IPHONEOS_DEPLOYMENT_TARGET = 15.5;
				MTL_ENABLE_DEBUG_INFO = INCLUDE_SOURCE;
				MTL_FAST_MATH = YES;
				ONLY_ACTIVE_ARCH = YES;
				SDKROOT = iphoneos;
				SWIFT_ACTIVE_COMPILATION_CONDITIONS = DEBUG;
				SWIFT_OPTIMIZATION_LEVEL = "-Onone";
			};
			name = Debug;
		};
		7555FFA4242A565B00829871 /* Release */ = {
			isa = XCBuildConfiguration;
			buildSettings = {
				ALWAYS_SEARCH_USER_PATHS = NO;
				CLANG_ANALYZER_NONNULL = YES;
				CLANG_ANALYZER_NUMBER_OBJECT_CONVERSION = YES_AGGRESSIVE;
				CLANG_CXX_LANGUAGE_STANDARD = "gnu++14";
				CLANG_CXX_LIBRARY = "libc++";
				CLANG_ENABLE_MODULES = YES;
				CLANG_ENABLE_OBJC_ARC = YES;
				CLANG_ENABLE_OBJC_WEAK = YES;
				CLANG_WARN_BLOCK_CAPTURE_AUTORELEASING = YES;
				CLANG_WARN_BOOL_CONVERSION = YES;
				CLANG_WARN_COMMA = YES;
				CLANG_WARN_CONSTANT_CONVERSION = YES;
				CLANG_WARN_DEPRECATED_OBJC_IMPLEMENTATIONS = YES;
				CLANG_WARN_DIRECT_OBJC_ISA_USAGE = YES_ERROR;
				CLANG_WARN_DOCUMENTATION_COMMENTS = YES;
				CLANG_WARN_EMPTY_BODY = YES;
				CLANG_WARN_ENUM_CONVERSION = YES;
				CLANG_WARN_INFINITE_RECURSION = YES;
				CLANG_WARN_INT_CONVERSION = YES;
				CLANG_WARN_NON_LITERAL_NULL_CONVERSION = YES;
				CLANG_WARN_OBJC_IMPLICIT_RETAIN_SELF = YES;
				CLANG_WARN_OBJC_LITERAL_CONVERSION = YES;
				CLANG_WARN_OBJC_ROOT_CLASS = YES_ERROR;
				CLANG_WARN_QUOTED_INCLUDE_IN_FRAMEWORK_HEADER = YES;
				CLANG_WARN_RANGE_LOOP_ANALYSIS = YES;
				CLANG_WARN_STRICT_PROTOTYPES = YES;
				CLANG_WARN_SUSPICIOUS_MOVE = YES;
				CLANG_WARN_UNGUARDED_AVAILABILITY = YES_AGGRESSIVE;
				CLANG_WARN_UNREACHABLE_CODE = YES;
				CLANG_WARN__DUPLICATE_METHOD_MATCH = YES;
				COPY_PHASE_STRIP = NO;
				DEBUG_INFORMATION_FORMAT = "dwarf-with-dsym";
				ENABLE_NS_ASSERTIONS = NO;
				ENABLE_STRICT_OBJC_MSGSEND = YES;
				GCC_C_LANGUAGE_STANDARD = gnu11;
				GCC_NO_COMMON_BLOCKS = YES;
				GCC_WARN_64_TO_32_BIT_CONVERSION = YES;
				GCC_WARN_ABOUT_RETURN_TYPE = YES_ERROR;
				GCC_WARN_UNDECLARED_SELECTOR = YES;
				GCC_WARN_UNINITIALIZED_AUTOS = YES_AGGRESSIVE;
				GCC_WARN_UNUSED_FUNCTION = YES;
				GCC_WARN_UNUSED_VARIABLE = YES;
				IPHONEOS_DEPLOYMENT_TARGET = 15.5;
				MTL_ENABLE_DEBUG_INFO = NO;
				MTL_FAST_MATH = YES;
				SDKROOT = iphoneos;
				SWIFT_COMPILATION_MODE = wholemodule;
				SWIFT_OPTIMIZATION_LEVEL = "-O";
				VALIDATE_PRODUCT = YES;
			};
			name = Release;
		};
		7555FFA6242A565B00829871 /* Debug */ = {
			isa = XCBuildConfiguration;
			baseConfigurationReference = 1FD869752A0B6683A292F92A /* Pods-iosApp.debug.xcconfig */;
			buildSettings = {
				ASSETCATALOG_COMPILER_INCLUDE_ALL_APPICON_ASSETS = NO;
				CODE_SIGN_IDENTITY = "Apple Development";
				CODE_SIGN_STYLE = Automatic;
				DEVELOPMENT_TEAM = 56J2MD9T9K;
				ENABLE_PREVIEWS = YES;
				INFOPLIST_FILE = iosApp/Info.plist;
				IPHONEOS_DEPLOYMENT_TARGET = 15.5;
				LD_RUNPATH_SEARCH_PATHS = (
					"$(inherited)",
					"@executable_path/Frameworks",
				);
				PRODUCT_BUNDLE_IDENTIFIER = com.craftie;
				PRODUCT_NAME = "$(TARGET_NAME)";
				PROVISIONING_PROFILE = "0bdbc512-5a83-4b4d-a052-5b8c1b629264";
				PROVISIONING_PROFILE_SPECIFIER = "";
				SWIFT_VERSION = 5.0;
				TARGETED_DEVICE_FAMILY = "1,2";
			};
			name = Debug;
		};
		7555FFA7242A565B00829871 /* Release */ = {
			isa = XCBuildConfiguration;
			baseConfigurationReference = 0B4869C9C5B17B92ABA47279 /* Pods-iosApp.release.xcconfig */;
			buildSettings = {
				ASSETCATALOG_COMPILER_INCLUDE_ALL_APPICON_ASSETS = NO;
				CODE_SIGN_IDENTITY = "Apple Development";
				CODE_SIGN_STYLE = Automatic;
				DEVELOPMENT_TEAM = 56J2MD9T9K;
				ENABLE_PREVIEWS = YES;
				INFOPLIST_FILE = iosApp/Info.plist;
				IPHONEOS_DEPLOYMENT_TARGET = 15.5;
				LD_RUNPATH_SEARCH_PATHS = (
					"$(inherited)",
					"@executable_path/Frameworks",
				);
				PRODUCT_BUNDLE_IDENTIFIER = com.craftie.dev;
				PRODUCT_NAME = "$(TARGET_NAME)";
				PROVISIONING_PROFILE = "0bdbc512-5a83-4b4d-a052-5b8c1b629264";
				PROVISIONING_PROFILE_SPECIFIER = "";
				SWIFT_VERSION = 5.0;
				TARGETED_DEVICE_FAMILY = "1,2";
			};
			name = Release;
		};
/* End XCBuildConfiguration section */

/* Begin XCConfigurationList section */
		7555FF76242A565900829871 /* Build configuration list for PBXProject "iosApp" */ = {
			isa = XCConfigurationList;
			buildConfigurations = (
				7555FFA3242A565B00829871 /* Debug */,
				7555FFA4242A565B00829871 /* Release */,
			);
			defaultConfigurationIsVisible = 0;
			defaultConfigurationName = Release;
		};
		7555FFA5242A565B00829871 /* Build configuration list for PBXNativeTarget "iosApp" */ = {
			isa = XCConfigurationList;
			buildConfigurations = (
				7555FFA6242A565B00829871 /* Debug */,
				7555FFA7242A565B00829871 /* Release */,
			);
			defaultConfigurationIsVisible = 0;
			defaultConfigurationName = Release;
		};
/* End XCConfigurationList section */
	};
	rootObject = 7555FF73242A565900829871 /* Project object */;
}
